
Microsoft Visual Studio Solution File, Format Version 12.00
# Visual Studio Version 17
VisualStudioVersion = 17.4.33213.308
MinimumVisualStudioVersion = 10.0.40219.1
Project("{FAE04EC0-301F-11D3-BF4B-00C04F79EFBC}") = "RecipeAppGUI", "RecipeAppGUI.csproj", "{A116D4D9-8C73-4691-96AD-818ACEB67C87}"
EndProject
Global
	GlobalSection(SolutionConfigurationPlatforms) = preSolution
		Debug|Any CPU = Debug|Any CPU
		Release|Any CPU = Release|Any CPU
	EndGlobalSection
	GlobalSection(ProjectConfigurationPlatforms) = postSolution
		{A116D4D9-8C73-4691-96AD-818ACEB67C87}.Debug|Any CPU.ActiveCfg = Debug|Any CPU
		{A116D4D9-8C73-4691-96AD-818ACEB67C87}.Debug|Any CPU.Build.0 = Debug|Any CPU
		{A116D4D9-8C73-4691-96AD-818ACEB67C87}.Release|Any CPU.ActiveCfg = Release|Any CPU
		{A116D4D9-8C73-4691-96AD-818ACEB67C87}.Release|Any CPU.Build.0 = Release|Any CPU
	EndGlobalSection
	GlobalSection(SolutionProperties) = preSolution
		HideSolutionNode = FALSE
	EndGlobalSection
	GlobalSection(ExtensibilityGlobals) = postSolution
		SolutionGuid = {69400E05-C2D3-4516-AA18-18866FC9D627}
	EndGlobalSection
EndGlobal
